Microsoft Visual Studio Solution File, Format Version 8.00
Project("{8BC9CEB8-8B4A-11D0-8D11-00A0C91BC942}") = "cpaf", "cpaf.vcproj", "{0D192004-77CE-4E79-81F6-E126E712CFE9}"
	ProjectSection(ProjectDependencies) = postProject
	EndProjectSection
EndProject
Project("{8BC9CEB8-8B4A-11D0-8D11-00A0C91BC942}") = "Proof", "samples\proof\proof.vcproj", "{31050E6C-C549-47BA-93A0-563F30A15812}"
	ProjectSection(ProjectDependencies) = postProject
		{0D192004-77CE-4E79-81F6-E126E712CFE9} = {0D192004-77CE-4E79-81F6-E126E712CFE9}
	EndProjectSection
EndProject
Project("{8BC9CEB8-8B4A-11D0-8D11-00A0C91BC942}") = "cpaf_proj_wiz", "msvc\cpaf_proj_wiz\cpaf_proj_wiz.vcproj", "{9669422D-0A32-439D-8060-B41849593B1F}"
	ProjectSection(ProjectDependencies) = postProject
	EndProjectSection
EndProject
Project("{8BC9CEB8-8B4A-11D0-8D11-00A0C91BC942}") = "textwidget", "samples\unit_tests\textwidget\textwidget.vcproj", "{A45011F8-12CD-4F89-ABC5-F381DDE1579E}"
	ProjectSection(ProjectDependencies) = postProject
		{0D192004-77CE-4E79-81F6-E126E712CFE9} = {0D192004-77CE-4E79-81F6-E126E712CFE9}
	EndProjectSection
EndProject
Project("{8BC9CEB8-8B4A-11D0-8D11-00A0C91BC942}") = "create_destroy", "samples\unit_tests\events\create_destroy\create_destroy.vcproj", "{84D3FA38-3823-4F1C-ABB7-B875B3546216}"
	ProjectSection(ProjectDependencies) = postProject
	EndProjectSection
EndProject
Project("{8BC9CEB8-8B4A-11D0-8D11-00A0C91BC942}") = "gblm", "samples\unit_tests\gblm\gblm.vcproj", "{8B2F8123-2115-486E-8E8E-38E8053CCCD5}"
	ProjectSection(ProjectDependencies) = postProject
		{0D192004-77CE-4E79-81F6-E126E712CFE9} = {0D192004-77CE-4E79-81F6-E126E712CFE9}
	EndProjectSection
EndProject
Global
	GlobalSection(SolutionConfiguration) = preSolution
		Debug = Debug
		debug dll = debug dll
		debug static lib = debug static lib
		Release = Release
		release dll = release dll
		release static lib = release static lib
	EndGlobalSection
	GlobalSection(ProjectConfiguration) = postSolution
		{0D192004-77CE-4E79-81F6-E126E712CFE9}.Debug.ActiveCfg = debug static lib|Win32
		{0D192004-77CE-4E79-81F6-E126E712CFE9}.Debug.Build.0 = debug static lib|Win32
		{0D192004-77CE-4E79-81F6-E126E712CFE9}.debug dll.ActiveCfg = debug dll|Win32
		{0D192004-77CE-4E79-81F6-E126E712CFE9}.debug dll.Build.0 = debug dll|Win32
		{0D192004-77CE-4E79-81F6-E126E712CFE9}.debug static lib.ActiveCfg = debug static lib|Win32
		{0D192004-77CE-4E79-81F6-E126E712CFE9}.debug static lib.Build.0 = debug static lib|Win32
		{0D192004-77CE-4E79-81F6-E126E712CFE9}.Release.ActiveCfg = release static lib|Win32
		{0D192004-77CE-4E79-81F6-E126E712CFE9}.Release.Build.0 = release static lib|Win32
		{0D192004-77CE-4E79-81F6-E126E712CFE9}.release dll.ActiveCfg = release dll|Win32
		{0D192004-77CE-4E79-81F6-E126E712CFE9}.release dll.Build.0 = release dll|Win32
		{0D192004-77CE-4E79-81F6-E126E712CFE9}.release static lib.ActiveCfg = release static lib|Win32
		{0D192004-77CE-4E79-81F6-E126E712CFE9}.release static lib.Build.0 = release static lib|Win32
		{31050E6C-C549-47BA-93A0-563F30A15812}.Debug.ActiveCfg = debug static lib|Win32
		{31050E6C-C549-47BA-93A0-563F30A15812}.Debug.Build.0 = debug static lib|Win32
		{31050E6C-C549-47BA-93A0-563F30A15812}.debug dll.ActiveCfg = debug dll|Win32
		{31050E6C-C549-47BA-93A0-563F30A15812}.debug dll.Build.0 = debug dll|Win32
		{31050E6C-C549-47BA-93A0-563F30A15812}.debug static lib.ActiveCfg = debug static lib|Win32
		{31050E6C-C549-47BA-93A0-563F30A15812}.debug static lib.Build.0 = debug static lib|Win32
		{31050E6C-C549-47BA-93A0-563F30A15812}.Release.ActiveCfg = release static lib|Win32
		{31050E6C-C549-47BA-93A0-563F30A15812}.Release.Build.0 = release static lib|Win32
		{31050E6C-C549-47BA-93A0-563F30A15812}.release dll.ActiveCfg = release dll|Win32
		{31050E6C-C549-47BA-93A0-563F30A15812}.release dll.Build.0 = release dll|Win32
		{31050E6C-C549-47BA-93A0-563F30A15812}.release static lib.ActiveCfg = release static lib|Win32
		{31050E6C-C549-47BA-93A0-563F30A15812}.release static lib.Build.0 = release static lib|Win32
		{9669422D-0A32-439D-8060-B41849593B1F}.Debug.ActiveCfg = Debug|Win32
		{9669422D-0A32-439D-8060-B41849593B1F}.Debug.Build.0 = Debug|Win32
		{9669422D-0A32-439D-8060-B41849593B1F}.debug dll.ActiveCfg = Debug|Win32
		{9669422D-0A32-439D-8060-B41849593B1F}.debug static lib.ActiveCfg = Debug|Win32
		{9669422D-0A32-439D-8060-B41849593B1F}.Release.ActiveCfg = Release|Win32
		{9669422D-0A32-439D-8060-B41849593B1F}.Release.Build.0 = Release|Win32
		{9669422D-0A32-439D-8060-B41849593B1F}.release dll.ActiveCfg = Release|Win32
		{9669422D-0A32-439D-8060-B41849593B1F}.release static lib.ActiveCfg = Release|Win32
		{A45011F8-12CD-4F89-ABC5-F381DDE1579E}.Debug.ActiveCfg = debug static lib|Win32
		{A45011F8-12CD-4F89-ABC5-F381DDE1579E}.Debug.Build.0 = debug static lib|Win32
		{A45011F8-12CD-4F89-ABC5-F381DDE1579E}.debug dll.ActiveCfg = debug dll|Win32
		{A45011F8-12CD-4F89-ABC5-F381DDE1579E}.debug dll.Build.0 = debug dll|Win32
		{A45011F8-12CD-4F89-ABC5-F381DDE1579E}.debug static lib.ActiveCfg = debug static lib|Win32
		{A45011F8-12CD-4F89-ABC5-F381DDE1579E}.debug static lib.Build.0 = debug static lib|Win32
		{A45011F8-12CD-4F89-ABC5-F381DDE1579E}.Release.ActiveCfg = release static lib|Win32
		{A45011F8-12CD-4F89-ABC5-F381DDE1579E}.Release.Build.0 = release static lib|Win32
		{A45011F8-12CD-4F89-ABC5-F381DDE1579E}.release dll.ActiveCfg = release dll|Win32
		{A45011F8-12CD-4F89-ABC5-F381DDE1579E}.release dll.Build.0 = release dll|Win32
		{A45011F8-12CD-4F89-ABC5-F381DDE1579E}.release static lib.ActiveCfg = release static lib|Win32
		{A45011F8-12CD-4F89-ABC5-F381DDE1579E}.release static lib.Build.0 = release static lib|Win32
		{84D3FA38-3823-4F1C-ABB7-B875B3546216}.Debug.ActiveCfg = debug static lib|Win32
		{84D3FA38-3823-4F1C-ABB7-B875B3546216}.Debug.Build.0 = debug static lib|Win32
		{84D3FA38-3823-4F1C-ABB7-B875B3546216}.debug dll.ActiveCfg = debug dll|Win32
		{84D3FA38-3823-4F1C-ABB7-B875B3546216}.debug dll.Build.0 = debug dll|Win32
		{84D3FA38-3823-4F1C-ABB7-B875B3546216}.debug static lib.ActiveCfg = debug static lib|Win32
		{84D3FA38-3823-4F1C-ABB7-B875B3546216}.debug static lib.Build.0 = debug static lib|Win32
		{84D3FA38-3823-4F1C-ABB7-B875B3546216}.Release.ActiveCfg = release static lib|Win32
		{84D3FA38-3823-4F1C-ABB7-B875B3546216}.Release.Build.0 = release static lib|Win32
		{84D3FA38-3823-4F1C-ABB7-B875B3546216}.release dll.ActiveCfg = release dll|Win32
		{84D3FA38-3823-4F1C-ABB7-B875B3546216}.release dll.Build.0 = release dll|Win32
		{84D3FA38-3823-4F1C-ABB7-B875B3546216}.release static lib.ActiveCfg = release static lib|Win32
		{84D3FA38-3823-4F1C-ABB7-B875B3546216}.release static lib.Build.0 = release static lib|Win32
		{8B2F8123-2115-486E-8E8E-38E8053CCCD5}.Debug.ActiveCfg = debug static lib|Win32
		{8B2F8123-2115-486E-8E8E-38E8053CCCD5}.Debug.Build.0 = debug static lib|Win32
		{8B2F8123-2115-486E-8E8E-38E8053CCCD5}.debug dll.ActiveCfg = debug dll|Win32
		{8B2F8123-2115-486E-8E8E-38E8053CCCD5}.debug dll.Build.0 = debug dll|Win32
		{8B2F8123-2115-486E-8E8E-38E8053CCCD5}.debug static lib.ActiveCfg = debug static lib|Win32
		{8B2F8123-2115-486E-8E8E-38E8053CCCD5}.debug static lib.Build.0 = debug static lib|Win32
		{8B2F8123-2115-486E-8E8E-38E8053CCCD5}.Release.ActiveCfg = release static lib|Win32
		{8B2F8123-2115-486E-8E8E-38E8053CCCD5}.Release.Build.0 = release static lib|Win32
		{8B2F8123-2115-486E-8E8E-38E8053CCCD5}.release dll.ActiveCfg = release dll|Win32
		{8B2F8123-2115-486E-8E8E-38E8053CCCD5}.release dll.Build.0 = release dll|Win32
		{8B2F8123-2115-486E-8E8E-38E8053CCCD5}.release static lib.ActiveCfg = release static lib|Win32
		{8B2F8123-2115-486E-8E8E-38E8053CCCD5}.release static lib.Build.0 = release static lib|Win32
	EndGlobalSection
	GlobalSection(ExtensibilityGlobals) = postSolution
	EndGlobalSection
	GlobalSection(ExtensibilityAddIns) = postSolution
	EndGlobalSection
EndGlobal
