Microsoft Visual Studio Solution File, Format Version 8.00
Project("{8BC9CEB8-8B4A-11D0-8D11-00A0C91BC942}") = "cpaf", "cpaf.vcproj", "{0D192004-77CE-4E79-81F6-E126E712CFE9}"
	ProjectSection(ProjectDependencies) = postProject
	EndProjectSection
EndProject
Project("{8BC9CEB8-8B4A-11D0-8D11-00A0C91BC942}") = "Proof", "samples\proof\proof.vcproj", "{31050E6C-C549-47BA-93A0-563F30A15812}"
	ProjectSection(ProjectDependencies) = postProject
		{0D192004-77CE-4E79-81F6-E126E712CFE9} = {0D192004-77CE-4E79-81F6-E126E712CFE9}
	EndProjectSection
EndProject
Project("{8BC9CEB8-8B4A-11D0-8D11-00A0C91BC942}") = "create_destroy", "samples\unit_tests\events\create_destroy\create_destroy.vcproj", "{42309784-3EBE-4A47-B92A-A188B156F66E}"
	ProjectSection(ProjectDependencies) = postProject
		{0D192004-77CE-4E79-81F6-E126E712CFE9} = {0D192004-77CE-4E79-81F6-E126E712CFE9}
	EndProjectSection
EndProject
Global
	GlobalSection(SolutionConfiguration) = preSolution
		Debug = Debug
		debug dll = debug dll
		debug static lib = debug static lib
		Release = Release
		release dll = release dll
		release static lib = release static lib
	EndGlobalSection
	GlobalSection(ProjectConfiguration) = postSolution
		{0D192004-77CE-4E79-81F6-E126E712CFE9}.Debug.ActiveCfg = debug static lib|Win32
		{0D192004-77CE-4E79-81F6-E126E712CFE9}.Debug.Build.0 = debug static lib|Win32
		{0D192004-77CE-4E79-81F6-E126E712CFE9}.debug dll.ActiveCfg = debug dll|Win32
		{0D192004-77CE-4E79-81F6-E126E712CFE9}.debug dll.Build.0 = debug dll|Win32
		{0D192004-77CE-4E79-81F6-E126E712CFE9}.debug static lib.ActiveCfg = debug static lib|Win32
		{0D192004-77CE-4E79-81F6-E126E712CFE9}.debug static lib.Build.0 = debug static lib|Win32
		{0D192004-77CE-4E79-81F6-E126E712CFE9}.Release.ActiveCfg = release static lib|Win32
		{0D192004-77CE-4E79-81F6-E126E712CFE9}.Release.Build.0 = release static lib|Win32
		{0D192004-77CE-4E79-81F6-E126E712CFE9}.release dll.ActiveCfg = release dll|Win32
		{0D192004-77CE-4E79-81F6-E126E712CFE9}.release dll.Build.0 = release dll|Win32
		{0D192004-77CE-4E79-81F6-E126E712CFE9}.release static lib.ActiveCfg = release static lib|Win32
		{0D192004-77CE-4E79-81F6-E126E712CFE9}.release static lib.Build.0 = release static lib|Win32
		{31050E6C-C549-47BA-93A0-563F30A15812}.Debug.ActiveCfg = debug static lib|Win32
		{31050E6C-C549-47BA-93A0-563F30A15812}.Debug.Build.0 = debug static lib|Win32
		{31050E6C-C549-47BA-93A0-563F30A15812}.debug dll.ActiveCfg = debug dll|Win32
		{31050E6C-C549-47BA-93A0-563F30A15812}.debug dll.Build.0 = debug dll|Win32
		{31050E6C-C549-47BA-93A0-563F30A15812}.debug static lib.ActiveCfg = debug static lib|Win32
		{31050E6C-C549-47BA-93A0-563F30A15812}.debug static lib.Build.0 = debug static lib|Win32
		{31050E6C-C549-47BA-93A0-563F30A15812}.Release.ActiveCfg = release static lib|Win32
		{31050E6C-C549-47BA-93A0-563F30A15812}.Release.Build.0 = release static lib|Win32
		{31050E6C-C549-47BA-93A0-563F30A15812}.release dll.ActiveCfg = release dll|Win32
		{31050E6C-C549-47BA-93A0-563F30A15812}.release dll.Build.0 = release dll|Win32
		{31050E6C-C549-47BA-93A0-563F30A15812}.release static lib.ActiveCfg = release static lib|Win32
		{31050E6C-C549-47BA-93A0-563F30A15812}.release static lib.Build.0 = release static lib|Win32
		{42309784-3EBE-4A47-B92A-A188B156F66E}.Debug.ActiveCfg = Debug|Win32
		{42309784-3EBE-4A47-B92A-A188B156F66E}.Debug.Build.0 = Debug|Win32
		{42309784-3EBE-4A47-B92A-A188B156F66E}.debug dll.ActiveCfg = Debug|Win32
		{42309784-3EBE-4A47-B92A-A188B156F66E}.debug dll.Build.0 = Debug|Win32
		{42309784-3EBE-4A47-B92A-A188B156F66E}.debug static lib.ActiveCfg = Debug|Win32
		{42309784-3EBE-4A47-B92A-A188B156F66E}.debug static lib.Build.0 = Debug|Win32
		{42309784-3EBE-4A47-B92A-A188B156F66E}.Release.ActiveCfg = Release|Win32
		{42309784-3EBE-4A47-B92A-A188B156F66E}.Release.Build.0 = Release|Win32
		{42309784-3EBE-4A47-B92A-A188B156F66E}.release dll.ActiveCfg = Release|Win32
		{42309784-3EBE-4A47-B92A-A188B156F66E}.release dll.Build.0 = Release|Win32
		{42309784-3EBE-4A47-B92A-A188B156F66E}.release static lib.ActiveCfg = Release|Win32
		{42309784-3EBE-4A47-B92A-A188B156F66E}.release static lib.Build.0 = Release|Win32
	EndGlobalSection
	GlobalSection(SolutionItems) = postSolution
		include\cpaf\win32\cpaf.rc = include\cpaf\win32\cpaf.rc
	EndGlobalSection
	GlobalSection(ExtensibilityGlobals) = postSolution
	EndGlobalSection
	GlobalSection(ExtensibilityAddIns) = postSolution
	EndGlobalSection
EndGlobal
