// !$*UTF8*$!
{
	archiveVersion = 1;
	classes = {
	};
	objectVersion = 39;
	objects = {
		014CEA440018CDF011CA2923 = {
			buildSettings = {
				COPY_PHASE_STRIP = NO;
				DEBUGGING_SYMBOLS = YES;
				GCC_DYNAMIC_NO_PIC = NO;
				GCC_ENABLE_FIX_AND_CONTINUE = YES;
				GCC_GENERATE_DEBUGGING_SYMBOLS = YES;
				GCC_OPTIMIZATION_LEVEL = 0;
				OPTIMIZATION_CFLAGS = "-O0";
				ZERO_LINK = YES;
			};
			isa = PBXBuildStyle;
			name = Development;
		};
		014CEA450018CDF011CA2923 = {
			buildSettings = {
				COPY_PHASE_STRIP = YES;
				GCC_ENABLE_FIX_AND_CONTINUE = NO;
				ZERO_LINK = NO;
			};
			isa = PBXBuildStyle;
			name = Deployment;
		};
//010
//011
//012
//013
//014
//030
//031
//032
//033
//034
		034768DFFF38A50411DB9C8B = {
			children = (
				8DC2EF5B0486A6940098B216,
			);
			isa = PBXGroup;
			name = Products;
			refType = 4;
			sourceTree = "<group>";
		};
//030
//031
//032
//033
//034
//080
//081
//082
//083
//084
		0867D690FE84028FC02AAC07 = {
			buildSettings = {
			};
			buildStyles = (
				014CEA440018CDF011CA2923,
				014CEA450018CDF011CA2923,
			);
			hasScannedForEncodings = 1;
			isa = PBXProject;
			mainGroup = 0867D691FE84028FC02AAC07;
			productRefGroup = 034768DFFF38A50411DB9C8B;
			projectDirPath = "";
			targets = (
				8DC2EF4F0486A6940098B216,
			);
		};
		0867D691FE84028FC02AAC07 = {
			children = (
				6EDF4B75082E042C00957C63,
				6EDF4D10082E089A00957C63,
				089C1665FE841158C02AAC07,
				0867D69AFE84028FC02AAC07,
				034768DFFF38A50411DB9C8B,
			);
			isa = PBXGroup;
			name = cpaf;
			refType = 4;
			sourceTree = "<group>";
		};
		0867D69AFE84028FC02AAC07 = {
			children = (
				1058C7B0FEA5585E11CA2CBB,
				1058C7B2FEA5585E11CA2CBB,
			);
			isa = PBXGroup;
			name = "External Frameworks and Libraries";
			refType = 4;
			sourceTree = "<group>";
		};
		0867D69BFE84028FC02AAC07 = {
			isa = PBXFileReference;
			lastKnownFileType = wrapper.framework;
			name = Foundation.framework;
			path = /System/Library/Frameworks/Foundation.framework;
			refType = 0;
			sourceTree = "<absolute>";
		};
		0867D6A5FE840307C02AAC07 = {
			isa = PBXFileReference;
			lastKnownFileType = wrapper.framework;
			name = AppKit.framework;
			path = /System/Library/Frameworks/AppKit.framework;
			refType = 0;
			sourceTree = "<absolute>";
		};
		089C1665FE841158C02AAC07 = {
			children = (
				8DC2EF5A0486A6940098B216,
				089C1666FE841158C02AAC07,
			);
			isa = PBXGroup;
			name = Resources;
			refType = 4;
			sourceTree = "<group>";
		};
		089C1666FE841158C02AAC07 = {
			children = (
				089C1667FE841158C02AAC07,
			);
			isa = PBXVariantGroup;
			name = InfoPlist.strings;
			refType = 4;
			sourceTree = "<group>";
		};
		089C1667FE841158C02AAC07 = {
			fileEncoding = 10;
			isa = PBXFileReference;
			lastKnownFileType = text.plist.strings;
			name = English;
			path = English.lproj/InfoPlist.strings;
			refType = 4;
			sourceTree = "<group>";
		};
//080
//081
//082
//083
//084
//100
//101
//102
//103
//104
		1058C7B0FEA5585E11CA2CBB = {
			children = (
				1058C7B1FEA5585E11CA2CBB,
			);
			isa = PBXGroup;
			name = "Linked Frameworks";
			refType = 4;
			sourceTree = "<group>";
		};
		1058C7B1FEA5585E11CA2CBB = {
			isa = PBXFileReference;
			lastKnownFileType = wrapper.framework;
			name = Cocoa.framework;
			path = /System/Library/Frameworks/Cocoa.framework;
			refType = 0;
			sourceTree = "<absolute>";
		};
		1058C7B2FEA5585E11CA2CBB = {
			children = (
				0867D69BFE84028FC02AAC07,
				0867D6A5FE840307C02AAC07,
			);
			isa = PBXGroup;
			name = "Other Frameworks";
			refType = 4;
			sourceTree = "<group>";
		};
//100
//101
//102
//103
//104
//6E0
//6E1
//6E2
//6E3
//6E4
		6EDF4B75082E042C00957C63 = {
			children = (
				6EDF4B79082E043E00957C63,
			);
			isa = PBXGroup;
			name = include;
			path = "";
			refType = 4;
			sourceTree = "<group>";
		};
		6EDF4B79082E043E00957C63 = {
			children = (
				6EDF4B7D082E048300957C63,
				6EDF4BBD082E059400957C63,
				E231DB36084B9CEC00DD0EEA,
				6EDF4C26082E07EE00957C63,
				6EDF4C7E082E07EF00957C63,
				6EDF4BA6082E051400957C63,
				6EDF4BA7082E051400957C63,
				6EDF4BA8082E051400957C63,
				6EDF4BA9082E051400957C63,
				6EDF4BAA082E051400957C63,
				6EDF4BAB082E051400957C63,
			);
			isa = PBXGroup;
			name = cpaf;
			refType = 4;
			sourceTree = "<group>";
		};
		6EDF4B7D082E048300957C63 = {
			children = (
				6EDF4B81082E048800957C63,
			);
			isa = PBXGroup;
			name = api;
			refType = 4;
			sourceTree = "<group>";
		};
		6EDF4B81082E048800957C63 = {
			children = (
				6EDF4B8D082E04CD00957C63,
				6EDF4B8E082E04CD00957C63,
				6EDF4B8F082E04CD00957C63,
				6EDF4B90082E04CD00957C63,
				6EDF4B91082E04CD00957C63,
				6EDF4B92082E04CD00957C63,
			);
			isa = PBXGroup;
			name = gui;
			refType = 4;
			sourceTree = "<group>";
		};
		6EDF4B8D082E04CD00957C63 = {
			fileEncoding = 30;
			isa = PBXFileReference;
			lastKnownFileType = sourcecode.c.h;
			name = button.h;
			path = include/cpaf/api/gui/button.h;
			refType = 4;
			sourceTree = "<group>";
		};
		6EDF4B8E082E04CD00957C63 = {
			fileEncoding = 30;
			isa = PBXFileReference;
			lastKnownFileType = sourcecode.c.h;
			name = object.h;
			path = include/cpaf/api/gui/object.h;
			refType = 4;
			sourceTree = "<group>";
		};
		6EDF4B8F082E04CD00957C63 = {
			fileEncoding = 30;
			isa = PBXFileReference;
			lastKnownFileType = sourcecode.c.h;
			name = sizer.h;
			path = include/cpaf/api/gui/sizer.h;
			refType = 4;
			sourceTree = "<group>";
		};
		6EDF4B90082E04CD00957C63 = {
			fileEncoding = 30;
			isa = PBXFileReference;
			lastKnownFileType = sourcecode.c.h;
			name = toplevel.h;
			path = include/cpaf/api/gui/toplevel.h;
			refType = 4;
			sourceTree = "<group>";
		};
		6EDF4B91082E04CD00957C63 = {
			fileEncoding = 30;
			isa = PBXFileReference;
			lastKnownFileType = sourcecode.c.h;
			name = widget.h;
			path = include/cpaf/api/gui/widget.h;
			refType = 4;
			sourceTree = "<group>";
		};
		6EDF4B92082E04CD00957C63 = {
			fileEncoding = 30;
			isa = PBXFileReference;
			lastKnownFileType = sourcecode.c.h;
			name = window.h;
			path = include/cpaf/api/gui/window.h;
			refType = 4;
			sourceTree = "<group>";
		};
		6EDF4B93082E04CD00957C63 = {
			fileRef = 6EDF4B8D082E04CD00957C63;
			isa = PBXBuildFile;
			settings = {
			};
		};
		6EDF4B94082E04CD00957C63 = {
			fileRef = 6EDF4B8E082E04CD00957C63;
			isa = PBXBuildFile;
			settings = {
			};
		};
		6EDF4B95082E04CD00957C63 = {
			fileRef = 6EDF4B8F082E04CD00957C63;
			isa = PBXBuildFile;
			settings = {
			};
		};
		6EDF4B96082E04CD00957C63 = {
			fileRef = 6EDF4B90082E04CD00957C63;
			isa = PBXBuildFile;
			settings = {
			};
		};
		6EDF4B97082E04CD00957C63 = {
			fileRef = 6EDF4B91082E04CD00957C63;
			isa = PBXBuildFile;
			settings = {
			};
		};
		6EDF4B98082E04CD00957C63 = {
			fileRef = 6EDF4B92082E04CD00957C63;
			isa = PBXBuildFile;
			settings = {
			};
		};
		6EDF4BA6082E051400957C63 = {
			fileEncoding = 30;
			isa = PBXFileReference;
			lastKnownFileType = sourcecode.c.h;
			name = app.h;
			path = include/cpaf/app.h;
			refType = 4;
			sourceTree = "<group>";
		};
		6EDF4BA7082E051400957C63 = {
			fileEncoding = 30;
			isa = PBXFileReference;
			lastKnownFileType = sourcecode.c.h;
			name = dllimpexp.h;
			path = include/cpaf/dllimpexp.h;
			refType = 4;
			sourceTree = "<group>";
		};
		6EDF4BA8082E051400957C63 = {
			fileEncoding = 30;
			isa = PBXFileReference;
			lastKnownFileType = sourcecode.c.h;
			name = exception.h;
			path = include/cpaf/exception.h;
			refType = 4;
			sourceTree = "<group>";
		};
		6EDF4BA9082E051400957C63 = {
			fileEncoding = 30;
			isa = PBXFileReference;
			lastKnownFileType = sourcecode.c.h;
			name = macros.h;
			path = include/cpaf/macros.h;
			refType = 4;
			sourceTree = "<group>";
		};
		6EDF4BAA082E051400957C63 = {
			fileEncoding = 30;
			isa = PBXFileReference;
			lastKnownFileType = sourcecode.c.h;
			name = main.h;
			path = include/cpaf/main.h;
			refType = 4;
			sourceTree = "<group>";
		};
		6EDF4BAB082E051400957C63 = {
			fileEncoding = 30;
			isa = PBXFileReference;
			lastKnownFileType = sourcecode.c.h;
			name = types.h;
			path = include/cpaf/types.h;
			refType = 4;
			sourceTree = "<group>";
		};
		6EDF4BAC082E051400957C63 = {
			fileRef = 6EDF4BA6082E051400957C63;
			isa = PBXBuildFile;
			settings = {
			};
		};
		6EDF4BAD082E051400957C63 = {
			fileRef = 6EDF4BA7082E051400957C63;
			isa = PBXBuildFile;
			settings = {
			};
		};
		6EDF4BAE082E051400957C63 = {
			fileRef = 6EDF4BA8082E051400957C63;
			isa = PBXBuildFile;
			settings = {
			};
		};
		6EDF4BAF082E051400957C63 = {
			fileRef = 6EDF4BA9082E051400957C63;
			isa = PBXBuildFile;
			settings = {
			};
		};
		6EDF4BB0082E051400957C63 = {
			fileRef = 6EDF4BAA082E051400957C63;
			isa = PBXBuildFile;
			settings = {
			};
		};
		6EDF4BB1082E051400957C63 = {
			fileRef = 6EDF4BAB082E051400957C63;
			isa = PBXBuildFile;
			settings = {
			};
		};
		6EDF4BBD082E059400957C63 = {
			children = (
				6EDF4BD2082E05CB00957C63,
				6EDF4BD3082E05CB00957C63,
				6EDF4BF2082E05CB00957C63,
			);
			isa = PBXGroup;
			name = cocoa;
			path = "";
			refType = 4;
			sourceTree = "<group>";
		};
		6EDF4BD2082E05CB00957C63 = {
			fileEncoding = 30;
			isa = PBXFileReference;
			lastKnownFileType = sourcecode.c.h;
			name = factory.h;
			path = include/cpaf/cocoa/factory.h;
			refType = 4;
			sourceTree = "<group>";
		};
		6EDF4BD3082E05CB00957C63 = {
			children = (
				6EDF4BEF082E05CB00957C63,
				6EDF4BF0082E05CB00957C63,
				6EDF4BF1082E05CB00957C63,
			);
			isa = PBXGroup;
			name = gui;
			path = include/cpaf/cocoa/gui;
			refType = 4;
			sourceTree = "<group>";
		};
		6EDF4BEF082E05CB00957C63 = {
			fileEncoding = 30;
			isa = PBXFileReference;
			lastKnownFileType = sourcecode.c.h;
			path = button.h;
			refType = 4;
			sourceTree = "<group>";
		};
		6EDF4BF0082E05CB00957C63 = {
			fileEncoding = 30;
			isa = PBXFileReference;
			lastKnownFileType = sourcecode.c.h;
			path = widget.h;
			refType = 4;
			sourceTree = "<group>";
		};
		6EDF4BF1082E05CB00957C63 = {
			fileEncoding = 30;
			isa = PBXFileReference;
			lastKnownFileType = sourcecode.c.h;
			path = window.h;
			refType = 4;
			sourceTree = "<group>";
		};
		6EDF4BF2082E05CB00957C63 = {
			fileEncoding = 30;
			isa = PBXFileReference;
			lastKnownFileType = sourcecode.c.h;
			name = utils.h;
			path = include/cpaf/cocoa/utils.h;
			refType = 4;
			sourceTree = "<group>";
		};
		6EDF4BF3082E05CB00957C63 = {
			fileRef = 6EDF4BD2082E05CB00957C63;
			isa = PBXBuildFile;
			settings = {
			};
		};
		6EDF4C05082E05CB00957C63 = {
			fileRef = 6EDF4BEF082E05CB00957C63;
			isa = PBXBuildFile;
			settings = {
			};
		};
		6EDF4C06082E05CB00957C63 = {
			fileRef = 6EDF4BF0082E05CB00957C63;
			isa = PBXBuildFile;
			settings = {
			};
		};
		6EDF4C07082E05CB00957C63 = {
			fileRef = 6EDF4BF1082E05CB00957C63;
			isa = PBXBuildFile;
			settings = {
			};
		};
		6EDF4C08082E05CB00957C63 = {
			fileRef = 6EDF4BF2082E05CB00957C63;
			isa = PBXBuildFile;
			settings = {
			};
		};
		6EDF4C26082E07EE00957C63 = {
			children = (
				6EDF4C52082E07EE00957C63,
				6EDF4C53082E07EE00957C63,
				6EDF4C54082E07EE00957C63,
				6EDF4C55082E07EE00957C63,
				6EDF4C7A082E07EF00957C63,
				6EDF4C7B082E07EF00957C63,
				6EDF4C7C082E07EF00957C63,
				6EDF4C7D082E07EF00957C63,
			);
			isa = PBXGroup;
			name = gui;
			path = include/cpaf/gui;
			refType = 4;
			sourceTree = "<group>";
		};
		6EDF4C52082E07EE00957C63 = {
			fileEncoding = 30;
			isa = PBXFileReference;
			lastKnownFileType = sourcecode.c.h;
			path = "api-prototypes.h";
			refType = 4;
			sourceTree = "<group>";
		};
		6EDF4C53082E07EE00957C63 = {
			fileEncoding = 30;
			isa = PBXFileReference;
			lastKnownFileType = sourcecode.c.h;
			path = app.h;
			refType = 4;
			sourceTree = "<group>";
		};
		6EDF4C54082E07EE00957C63 = {
			fileEncoding = 30;
			isa = PBXFileReference;
			lastKnownFileType = sourcecode.c.h;
			path = button.h;
			refType = 4;
			sourceTree = "<group>";
		};
		6EDF4C55082E07EE00957C63 = {
			children = (
				6EDF4C76082E07EF00957C63,
				6EDF4C77082E07EF00957C63,
				6EDF4C78082E07EF00957C63,
				6EDF4C79082E07EF00957C63,
			);
			isa = PBXGroup;
			path = factory;
			refType = 4;
			sourceTree = "<group>";
		};
		6EDF4C76082E07EF00957C63 = {
			fileEncoding = 30;
			isa = PBXFileReference;
			lastKnownFileType = sourcecode.c.h;
			path = button.h;
			refType = 4;
			sourceTree = "<group>";
		};
		6EDF4C77082E07EF00957C63 = {
			fileEncoding = 30;
			isa = PBXFileReference;
			lastKnownFileType = sourcecode.c.h;
			path = object.h;
			refType = 4;
			sourceTree = "<group>";
		};
		6EDF4C78082E07EF00957C63 = {
			fileEncoding = 30;
			isa = PBXFileReference;
			lastKnownFileType = sourcecode.c.h;
			path = widget.h;
			refType = 4;
			sourceTree = "<group>";
		};
		6EDF4C79082E07EF00957C63 = {
			fileEncoding = 30;
			isa = PBXFileReference;
			lastKnownFileType = sourcecode.c.h;
			path = window.h;
			refType = 4;
			sourceTree = "<group>";
		};
		6EDF4C7A082E07EF00957C63 = {
			fileEncoding = 30;
			isa = PBXFileReference;
			lastKnownFileType = sourcecode.c.h;
			path = object.h;
			refType = 4;
			sourceTree = "<group>";
		};
		6EDF4C7B082E07EF00957C63 = {
			fileEncoding = 30;
			isa = PBXFileReference;
			lastKnownFileType = sourcecode.c.h;
			path = toplevel.h;
			refType = 4;
			sourceTree = "<group>";
		};
		6EDF4C7C082E07EF00957C63 = {
			fileEncoding = 30;
			isa = PBXFileReference;
			lastKnownFileType = sourcecode.c.h;
			path = widget.h;
			refType = 4;
			sourceTree = "<group>";
		};
		6EDF4C7D082E07EF00957C63 = {
			fileEncoding = 30;
			isa = PBXFileReference;
			lastKnownFileType = sourcecode.c.h;
			path = window.h;
			refType = 4;
			sourceTree = "<group>";
		};
		6EDF4C7E082E07EF00957C63 = {
			children = (
				6EDF4C92082E07EF00957C63,
			);
			isa = PBXGroup;
			name = private;
			path = include/cpaf/private;
			refType = 4;
			sourceTree = "<group>";
		};
		6EDF4C92082E07EF00957C63 = {
			fileEncoding = 30;
			isa = PBXFileReference;
			lastKnownFileType = sourcecode.c.h;
			path = factory.h;
			refType = 4;
			sourceTree = "<group>";
		};
		6EDF4CB4082E07EF00957C63 = {
			fileRef = 6EDF4C52082E07EE00957C63;
			isa = PBXBuildFile;
			settings = {
			};
		};
		6EDF4CB5082E07EF00957C63 = {
			fileRef = 6EDF4C53082E07EE00957C63;
			isa = PBXBuildFile;
			settings = {
			};
		};
		6EDF4CB6082E07EF00957C63 = {
			fileRef = 6EDF4C54082E07EE00957C63;
			isa = PBXBuildFile;
			settings = {
			};
		};
		6EDF4CCD082E07EF00957C63 = {
			fileRef = 6EDF4C76082E07EF00957C63;
			isa = PBXBuildFile;
			settings = {
			};
		};
		6EDF4CCE082E07EF00957C63 = {
			fileRef = 6EDF4C77082E07EF00957C63;
			isa = PBXBuildFile;
			settings = {
			};
		};
		6EDF4CCF082E07EF00957C63 = {
			fileRef = 6EDF4C78082E07EF00957C63;
			isa = PBXBuildFile;
			settings = {
			};
		};
		6EDF4CD0082E07EF00957C63 = {
			fileRef = 6EDF4C79082E07EF00957C63;
			isa = PBXBuildFile;
			settings = {
			};
		};
		6EDF4CD1082E07EF00957C63 = {
			fileRef = 6EDF4C7A082E07EF00957C63;
			isa = PBXBuildFile;
			settings = {
			};
		};
		6EDF4CD2082E07EF00957C63 = {
			fileRef = 6EDF4C7B082E07EF00957C63;
			isa = PBXBuildFile;
			settings = {
			};
		};
		6EDF4CD3082E07EF00957C63 = {
			fileRef = 6EDF4C7C082E07EF00957C63;
			isa = PBXBuildFile;
			settings = {
			};
		};
		6EDF4CD4082E07EF00957C63 = {
			fileRef = 6EDF4C7D082E07EF00957C63;
			isa = PBXBuildFile;
			settings = {
			};
		};
		6EDF4CDE082E07EF00957C63 = {
			fileRef = 6EDF4C92082E07EF00957C63;
			isa = PBXBuildFile;
			settings = {
			};
		};
		6EDF4D10082E089A00957C63 = {
			children = (
				6EDF4D24082E08D800957C63,
			);
			isa = PBXGroup;
			name = src;
			path = "";
			refType = 4;
			sourceTree = "<group>";
		};
		6EDF4D24082E08D800957C63 = {
			children = (
				6EDF4D29082E08F600957C63,
				6EDF4D2A082E08F600957C63,
				6EDF4D2B082E08F600957C63,
				6EDF4D59082E08F700957C63,
				E29B7ECC0850218800170856,
				6EDF4D5A082E08F700957C63,
				6EDF4D8D082E08F700957C63,
				6EDF4D8E082E08F700957C63,
			);
			isa = PBXGroup;
			name = cpaf;
			refType = 4;
			sourceTree = "<group>";
		};
		6EDF4D29082E08F600957C63 = {
			fileEncoding = 30;
			isa = PBXFileReference;
			lastKnownFileType = sourcecode.cpp.cpp;
			name = api.cpp;
			path = src/cpaf/api.cpp;
			refType = 4;
			sourceTree = "<group>";
		};
		6EDF4D2A082E08F600957C63 = {
			fileEncoding = 30;
			isa = PBXFileReference;
			lastKnownFileType = sourcecode.cpp.cpp;
			name = app.cpp;
			path = src/cpaf/app.cpp;
			refType = 4;
			sourceTree = "<group>";
		};
		6EDF4D2B082E08F600957C63 = {
			children = (
				6EDF4D53082E08F700957C63,
				6EDF4D54082E08F700957C63,
				6EDF4D55082E08F700957C63,
				6EDF4D56082E08F700957C63,
				6EDF4D57082E08F700957C63,
				6EDF4D58082E08F700957C63,
			);
			isa = PBXGroup;
			name = cocoa;
			path = src/cpaf/cocoa;
			refType = 4;
			sourceTree = "<group>";
		};
		6EDF4D53082E08F700957C63 = {
			fileEncoding = 30;
			isa = PBXFileReference;
			lastKnownFileType = sourcecode.cpp.objcpp;
			path = app.mm;
			refType = 4;
			sourceTree = "<group>";
		};
		6EDF4D54082E08F700957C63 = {
			fileEncoding = 30;
			isa = PBXFileReference;
			lastKnownFileType = sourcecode.cpp.objcpp;
			path = button.mm;
			refType = 4;
			sourceTree = "<group>";
		};
		6EDF4D55082E08F700957C63 = {
			fileEncoding = 30;
			isa = PBXFileReference;
			lastKnownFileType = sourcecode.cpp.objcpp;
			path = factory.mm;
			refType = 4;
			sourceTree = "<group>";
		};
		6EDF4D56082E08F700957C63 = {
			fileEncoding = 30;
			isa = PBXFileReference;
			lastKnownFileType = sourcecode.cpp.objcpp;
			path = utils.mm;
			refType = 4;
			sourceTree = "<group>";
		};
		6EDF4D57082E08F700957C63 = {
			fileEncoding = 30;
			isa = PBXFileReference;
			lastKnownFileType = sourcecode.cpp.objcpp;
			path = widget.mm;
			refType = 4;
			sourceTree = "<group>";
		};
		6EDF4D58082E08F700957C63 = {
			fileEncoding = 30;
			isa = PBXFileReference;
			lastKnownFileType = sourcecode.cpp.objcpp;
			path = window.mm;
			refType = 4;
			sourceTree = "<group>";
		};
		6EDF4D59082E08F700957C63 = {
			fileEncoding = 30;
			isa = PBXFileReference;
			lastKnownFileType = sourcecode.cpp.cpp;
			name = exception.cpp;
			path = src/cpaf/exception.cpp;
			refType = 4;
			sourceTree = "<group>";
		};
		6EDF4D5A082E08F700957C63 = {
			children = (
				6EDF4D86082E08F700957C63,
				6EDF4D87082E08F700957C63,
				6EDF4D88082E08F700957C63,
				6EDF4D89082E08F700957C63,
				6EDF4D8A082E08F700957C63,
				6EDF4D8B082E08F700957C63,
				6EDF4D8C082E08F700957C63,
			);
			isa = PBXGroup;
			name = gui;
			path = src/cpaf/gui;
			refType = 4;
			sourceTree = "<group>";
		};
		6EDF4D86082E08F700957C63 = {
			fileEncoding = 30;
			isa = PBXFileReference;
			lastKnownFileType = sourcecode.cpp.cpp;
			path = app.cpp;
			refType = 4;
			sourceTree = "<group>";
		};
		6EDF4D87082E08F700957C63 = {
			fileEncoding = 30;
			isa = PBXFileReference;
			lastKnownFileType = sourcecode.cpp.cpp;
			path = button.cpp;
			refType = 4;
			sourceTree = "<group>";
		};
		6EDF4D88082E08F700957C63 = {
			fileEncoding = 30;
			isa = PBXFileReference;
			lastKnownFileType = sourcecode.cpp.cpp;
			path = factory.cpp;
			refType = 4;
			sourceTree = "<group>";
		};
		6EDF4D89082E08F700957C63 = {
			fileEncoding = 30;
			isa = PBXFileReference;
			lastKnownFileType = sourcecode.cpp.cpp;
			path = object.cpp;
			refType = 4;
			sourceTree = "<group>";
		};
		6EDF4D8A082E08F700957C63 = {
			fileEncoding = 30;
			isa = PBXFileReference;
			lastKnownFileType = sourcecode.cpp.cpp;
			path = toplevel.cpp;
			refType = 4;
			sourceTree = "<group>";
		};
		6EDF4D8B082E08F700957C63 = {
			fileEncoding = 30;
			isa = PBXFileReference;
			lastKnownFileType = sourcecode.cpp.cpp;
			path = widget.cpp;
			refType = 4;
			sourceTree = "<group>";
		};
		6EDF4D8C082E08F700957C63 = {
			fileEncoding = 30;
			isa = PBXFileReference;
			lastKnownFileType = sourcecode.cpp.cpp;
			path = window.cpp;
			refType = 4;
			sourceTree = "<group>";
		};
		6EDF4D8D082E08F700957C63 = {
			fileEncoding = 30;
			isa = PBXFileReference;
			lastKnownFileType = sourcecode.cpp.cpp;
			name = main.cpp;
			path = src/cpaf/main.cpp;
			refType = 4;
			sourceTree = "<group>";
		};
		6EDF4D8E082E08F700957C63 = {
			fileEncoding = 30;
			isa = PBXFileReference;
			lastKnownFileType = sourcecode.cpp.cpp;
			name = types.cpp;
			path = src/cpaf/types.cpp;
			refType = 4;
			sourceTree = "<group>";
		};
		6EDF4D8F082E08F700957C63 = {
			fileRef = 6EDF4D29082E08F600957C63;
			isa = PBXBuildFile;
			settings = {
			};
		};
		6EDF4D90082E08F700957C63 = {
			fileRef = 6EDF4D2A082E08F600957C63;
			isa = PBXBuildFile;
			settings = {
			};
		};
		6EDF4DAE082E08F700957C63 = {
			fileRef = 6EDF4D53082E08F700957C63;
			isa = PBXBuildFile;
			settings = {
			};
		};
		6EDF4DAF082E08F700957C63 = {
			fileRef = 6EDF4D54082E08F700957C63;
			isa = PBXBuildFile;
			settings = {
			};
		};
		6EDF4DB0082E08F700957C63 = {
			fileRef = 6EDF4D55082E08F700957C63;
			isa = PBXBuildFile;
			settings = {
			};
		};
		6EDF4DB1082E08F700957C63 = {
			fileRef = 6EDF4D56082E08F700957C63;
			isa = PBXBuildFile;
			settings = {
			};
		};
		6EDF4DB2082E08F700957C63 = {
			fileRef = 6EDF4D57082E08F700957C63;
			isa = PBXBuildFile;
			settings = {
			};
		};
		6EDF4DB3082E08F700957C63 = {
			fileRef = 6EDF4D58082E08F700957C63;
			isa = PBXBuildFile;
			settings = {
			};
		};
		6EDF4DB4082E08F700957C63 = {
			fileRef = 6EDF4D59082E08F700957C63;
			isa = PBXBuildFile;
			settings = {
			};
		};
		6EDF4DD6082E08F700957C63 = {
			fileRef = 6EDF4D86082E08F700957C63;
			isa = PBXBuildFile;
			settings = {
			};
		};
		6EDF4DD7082E08F700957C63 = {
			fileRef = 6EDF4D87082E08F700957C63;
			isa = PBXBuildFile;
			settings = {
			};
		};
		6EDF4DD8082E08F700957C63 = {
			fileRef = 6EDF4D88082E08F700957C63;
			isa = PBXBuildFile;
			settings = {
			};
		};
		6EDF4DD9082E08F700957C63 = {
			fileRef = 6EDF4D89082E08F700957C63;
			isa = PBXBuildFile;
			settings = {
			};
		};
		6EDF4DDA082E08F700957C63 = {
			fileRef = 6EDF4D8A082E08F700957C63;
			isa = PBXBuildFile;
			settings = {
			};
		};
		6EDF4DDB082E08F700957C63 = {
			fileRef = 6EDF4D8B082E08F700957C63;
			isa = PBXBuildFile;
			settings = {
			};
		};
		6EDF4DDC082E08F700957C63 = {
			fileRef = 6EDF4D8C082E08F700957C63;
			isa = PBXBuildFile;
			settings = {
			};
		};
		6EDF4DDD082E08F700957C63 = {
			fileRef = 6EDF4D8D082E08F700957C63;
			isa = PBXBuildFile;
			settings = {
			};
		};
		6EDF4DDE082E08F700957C63 = {
			fileRef = 6EDF4D8E082E08F700957C63;
			isa = PBXBuildFile;
			settings = {
			};
		};
//6E0
//6E1
//6E2
//6E3
//6E4
//8D0
//8D1
//8D2
//8D3
//8D4
		8DC2EF4F0486A6940098B216 = {
			buildPhases = (
				8DC2EF500486A6940098B216,
				8DC2EF520486A6940098B216,
				8DC2EF540486A6940098B216,
				8DC2EF560486A6940098B216,
				8DC2EF580486A6940098B216,
			);
			buildRules = (
			);
			buildSettings = {
				DYLIB_COMPATIBILITY_VERSION = 1;
				DYLIB_CURRENT_VERSION = 1;
				FRAMEWORK_SEARCH_PATHS = "";
				FRAMEWORK_VERSION = A;
				GCC_ENABLE_TRIGRAPHS = NO;
				GCC_GENERATE_DEBUGGING_SYMBOLS = NO;
				GCC_INPUT_FILETYPE = automatic;
				GCC_PRECOMPILE_PREFIX_HEADER = NO;
				GCC_PREFIX_HEADER = "";
				GCC_PREPROCESSOR_DEFINITIONS = "CPAF_COCOA CPAF_BUILDING CPAF_DLL";
				GCC_WARN_ABOUT_MISSING_PROTOTYPES = NO;
				GCC_WARN_FOUR_CHARACTER_CONSTANTS = NO;
				GCC_WARN_UNKNOWN_PRAGMAS = NO;
				HEADER_SEARCH_PATHS = "include /sw/include";
				INFOPLIST_FILE = Info.plist;
				INSTALL_PATH = "$(HOME)/Library/Frameworks";
				LIBRARY_SEARCH_PATHS = "";
				LIBRARY_STYLE = Dynamic;
				OTHER_LDFLAGS = "";
				PRODUCT_NAME = cpaf;
				SECTORDER_FLAGS = "";
				USE_HEADERMAP = FALSE;
				WARNING_CFLAGS = "-Wall -Wno-four-char-constants -Wno-unknown-pragmas";
				WRAPPER_EXTENSION = framework;
			};
			dependencies = (
			);
			isa = PBXNativeTarget;
			name = cpaf;
			productInstallPath = "$(HOME)/Library/Frameworks";
			productName = cpaf;
			productReference = 8DC2EF5B0486A6940098B216;
			productType = "com.apple.product-type.framework";
		};
		8DC2EF500486A6940098B216 = {
			buildActionMask = 2147483647;
			files = (
				6EDF4B93082E04CD00957C63,
				6EDF4B94082E04CD00957C63,
				6EDF4B95082E04CD00957C63,
				6EDF4B96082E04CD00957C63,
				6EDF4B97082E04CD00957C63,
				6EDF4B98082E04CD00957C63,
				6EDF4BAC082E051400957C63,
				6EDF4BAD082E051400957C63,
				6EDF4BAE082E051400957C63,
				6EDF4BAF082E051400957C63,
				6EDF4BB0082E051400957C63,
				6EDF4BB1082E051400957C63,
				6EDF4BF3082E05CB00957C63,
				6EDF4C05082E05CB00957C63,
				6EDF4C06082E05CB00957C63,
				6EDF4C07082E05CB00957C63,
				6EDF4C08082E05CB00957C63,
				6EDF4CB4082E07EF00957C63,
				6EDF4CB5082E07EF00957C63,
				6EDF4CB6082E07EF00957C63,
				6EDF4CCD082E07EF00957C63,
				6EDF4CCE082E07EF00957C63,
				6EDF4CCF082E07EF00957C63,
				6EDF4CD0082E07EF00957C63,
				6EDF4CD1082E07EF00957C63,
				6EDF4CD2082E07EF00957C63,
				6EDF4CD3082E07EF00957C63,
				6EDF4CD4082E07EF00957C63,
				6EDF4CDE082E07EF00957C63,
				E231DB38084B9CED00DD0EEA,
			);
			isa = PBXHeadersBuildPhase;
			runOnlyForDeploymentPostprocessing = 0;
		};
		8DC2EF520486A6940098B216 = {
			buildActionMask = 2147483647;
			files = (
				8DC2EF530486A6940098B216,
			);
			isa = PBXResourcesBuildPhase;
			runOnlyForDeploymentPostprocessing = 0;
		};
		8DC2EF530486A6940098B216 = {
			fileRef = 089C1666FE841158C02AAC07;
			isa = PBXBuildFile;
			settings = {
			};
		};
		8DC2EF540486A6940098B216 = {
			buildActionMask = 2147483647;
			files = (
				6EDF4D8F082E08F700957C63,
				6EDF4D90082E08F700957C63,
				6EDF4DAE082E08F700957C63,
				6EDF4DAF082E08F700957C63,
				6EDF4DB0082E08F700957C63,
				6EDF4DB1082E08F700957C63,
				6EDF4DB2082E08F700957C63,
				6EDF4DB3082E08F700957C63,
				6EDF4DB4082E08F700957C63,
				6EDF4DD6082E08F700957C63,
				6EDF4DD7082E08F700957C63,
				6EDF4DD8082E08F700957C63,
				6EDF4DD9082E08F700957C63,
				6EDF4DDA082E08F700957C63,
				6EDF4DDB082E08F700957C63,
				6EDF4DDC082E08F700957C63,
				6EDF4DDD082E08F700957C63,
				6EDF4DDE082E08F700957C63,
				E29B7ECE0850218800170856,
			);
			isa = PBXSourcesBuildPhase;
			runOnlyForDeploymentPostprocessing = 0;
		};
		8DC2EF560486A6940098B216 = {
			buildActionMask = 2147483647;
			files = (
				8DC2EF570486A6940098B216,
			);
			isa = PBXFrameworksBuildPhase;
			runOnlyForDeploymentPostprocessing = 0;
		};
		8DC2EF570486A6940098B216 = {
			fileRef = 1058C7B1FEA5585E11CA2CBB;
			isa = PBXBuildFile;
			settings = {
			};
		};
		8DC2EF580486A6940098B216 = {
			buildActionMask = 2147483647;
			files = (
			);
			isa = PBXRezBuildPhase;
			runOnlyForDeploymentPostprocessing = 0;
		};
		8DC2EF5A0486A6940098B216 = {
			fileEncoding = 4;
			isa = PBXFileReference;
			lastKnownFileType = text.plist;
			path = Info.plist;
			refType = 4;
			sourceTree = "<group>";
		};
		8DC2EF5B0486A6940098B216 = {
			explicitFileType = wrapper.framework;
			includeInIndex = 0;
			isa = PBXFileReference;
			path = cpaf.framework;
			refType = 3;
			sourceTree = BUILT_PRODUCTS_DIR;
		};
//8D0
//8D1
//8D2
//8D3
//8D4
//E20
//E21
//E22
//E23
//E24
		E231DB36084B9CEC00DD0EEA = {
			children = (
				E231DB37084B9CEC00DD0EEA,
			);
			isa = PBXGroup;
			name = event;
			path = include/cpaf/event;
			refType = 4;
			sourceTree = "<group>";
		};
		E231DB37084B9CEC00DD0EEA = {
			fileEncoding = 30;
			isa = PBXFileReference;
			lastKnownFileType = sourcecode.c.h;
			path = event.h;
			refType = 4;
			sourceTree = "<group>";
		};
		E231DB38084B9CED00DD0EEA = {
			fileRef = E231DB37084B9CEC00DD0EEA;
			isa = PBXBuildFile;
			settings = {
			};
		};
		E29B7ECC0850218800170856 = {
			children = (
				E29B7ECD0850218800170856,
			);
			isa = PBXGroup;
			name = event;
			path = src/cpaf/event;
			refType = 4;
			sourceTree = "<group>";
		};
		E29B7ECD0850218800170856 = {
			fileEncoding = 30;
			isa = PBXFileReference;
			lastKnownFileType = sourcecode.cpp.cpp;
			path = event.cpp;
			refType = 4;
			sourceTree = "<group>";
		};
		E29B7ECE0850218800170856 = {
			fileRef = E29B7ECD0850218800170856;
			isa = PBXBuildFile;
			settings = {
			};
		};
	};
	rootObject = 0867D690FE84028FC02AAC07;
}
